<?xml version="1.0" encoding="utf-8"?>
<Project ToolsVersion="4.0" xmlns="http://schemas.microsoft.com/developer/msbuild/2003">
  <ItemGroup>
    <Filter Include="Source Files">
      <UniqueIdentifier>{4FC737F1-C7A5-4376-A066-2A32D752A2FF}</UniqueIdentifier>
      <Extensions>cpp;c;cc;cxx;def;odl;idl;hpj;bat;asm;asmx</Extensions>
    </Filter>
    <Filter Include="Header Files">
      <UniqueIdentifier>{93995380-89BD-4b04-88EB-625FBE52EBFB}</UniqueIdentifier>
      <Extensions>h;hh;hpp;hxx;hm;inl;inc;xsd</Extensions>
    </Filter>
    <Filter Include="Resource Files">
      <UniqueIdentifier>{67DA6AB6-F800-4c08-8B7A-83BB121AAD01}</UniqueIdentifier>
      <Extensions>rc;ico;cur;bmp;dlg;rc2;rct;bin;rgs;gif;jpg;jpeg;jpe;resx;tiff;tif;png;wav;mfcribbon-ms</Extensions>
    </Filter>
    <Filter Include="Resource Files\Models">
      <UniqueIdentifier>{2305a1f9-640d-439b-8e99-75b947c3a79f}</UniqueIdentifier>
    </Filter>
    <Filter Include="Resource Files\Shaders">
      <UniqueIdentifier>{83427e8d-8fbc-453b-82a2-dafc0128a567}</UniqueIdentifier>
    </Filter>
    <Filter Include="Resource Files\Shaders\Vertex">
      <UniqueIdentifier>{80497eca-d129-4f33-91ce-abeb9e0f400b}</UniqueIdentifier>
    </Filter>
    <Filter Include="Resource Files\Shaders\Pixel">
      <UniqueIdentifier>{987ddd27-6d60-465b-b845-c300d58d8042}</UniqueIdentifier>
    </Filter>
    <Filter Include="Resource Files\Textures">
      <UniqueIdentifier>{5e40f60c-9e2f-4f0a-8231-04fc7ad3a2a1}</UniqueIdentifier>
    </Filter>
  </ItemGroup>
  <ItemGroup>
    <ClCompile Include="main.cpp">
      <Filter>Source Files</Filter>
    </ClCompile>
    <ClCompile Include="System.cpp">
      <Filter>Source Files</Filter>
    </ClCompile>
    <ClCompile Include="Camera.cpp">
      <Filter>Source Files</Filter>
    </ClCompile>
    <ClCompile Include="ColorShader.cpp">
      <Filter>Source Files</Filter>
    </ClCompile>
    <ClCompile Include="Direct3D.cpp">
      <Filter>Source Files</Filter>
    </ClCompile>
    <ClCompile Include="Graphics.cpp">
      <Filter>Source Files</Filter>
    </ClCompile>
    <ClCompile Include="TextureShader.cpp">
      <Filter>Source Files</Filter>
    </ClCompile>
    <ClCompile Include="Input.cpp">
      <Filter>Source Files</Filter>
    </ClCompile>
    <ClCompile Include="Model.cpp">
      <Filter>Source Files</Filter>
    </ClCompile>
    <ClCompile Include="Texture.cpp">
      <Filter>Source Files</Filter>
    </ClCompile>
    <ClCompile Include="LightShader.cpp">
      <Filter>Source Files</Filter>
    </ClCompile>
    <ClCompile Include="Light.cpp">
      <Filter>Source Files</Filter>
    </ClCompile>
    <ClCompile Include="Bitmap.cpp">
      <Filter>Source Files</Filter>
    </ClCompile>
    <ClCompile Include="Font.cpp">
      <Filter>Source Files</Filter>
    </ClCompile>
    <ClCompile Include="FontShader.cpp">
      <Filter>Source Files</Filter>
    </ClCompile>
    <ClCompile Include="Text.cpp">
      <Filter>Source Files</Filter>
    </ClCompile>
    <ClCompile Include="Sound.cpp">
      <Filter>Source Files</Filter>
    </ClCompile>
    <ClCompile Include="Fps.cpp">
      <Filter>Source Files</Filter>
    </ClCompile>
    <ClCompile Include="Cpu.cpp">
      <Filter>Source Files</Filter>
    </ClCompile>
    <ClCompile Include="Timer.cpp">
      <Filter>Source Files</Filter>
    </ClCompile>
    <ClCompile Include="Frustum.cpp">
      <Filter>Source Files</Filter>
    </ClCompile>
    <ClCompile Include="ModelList.cpp">
      <Filter>Source Files</Filter>
    </ClCompile>
    <ClCompile Include="Position.cpp">
      <Filter>Source Files</Filter>
    </ClCompile>
    <ClCompile Include="MultiTextureShader.cpp">
      <Filter>Source Files</Filter>
    </ClCompile>
    <ClCompile Include="TextureArray.cpp">
      <Filter>Source Files</Filter>
    </ClCompile>
    <ClCompile Include="LightMapShader.cpp">
      <Filter>Source Files</Filter>
    </ClCompile>
    <ClCompile Include="AlphaMapShader.cpp">
      <Filter>Source Files</Filter>
    </ClCompile>
    <ClCompile Include="BumpMapShader.cpp">
      <Filter>Source Files</Filter>
    </ClCompile>
    <ClCompile Include="SpecMapShader.cpp">
      <Filter>Source Files</Filter>
    </ClCompile>
    <ClCompile Include="RenderTexture.cpp">
      <Filter>Source Files</Filter>
    </ClCompile>
    <ClCompile Include="DebugWindow.cpp">
      <Filter>Source Files</Filter>
    </ClCompile>
    <ClCompile Include="FogShader.cpp">
      <Filter>Source Files</Filter>
    </ClCompile>
    <ClCompile Include="ClipPlaneShader.cpp">
      <Filter>Source Files</Filter>
    </ClCompile>
    <ClCompile Include="TranslateShader.cpp">
      <Filter>Source Files</Filter>
    </ClCompile>
    <ClCompile Include="TransparentShader.cpp">
      <Filter>Source Files</Filter>
    </ClCompile>
    <ClCompile Include="ReflectionShader.cpp">
      <Filter>Source Files</Filter>
    </ClCompile>
    <ClCompile Include="FadeShader.cpp">
      <Filter>Source Files</Filter>
    </ClCompile>
  </ItemGroup>
  <ItemGroup>
    <ClInclude Include="System.h">
      <Filter>Header Files</Filter>
    </ClInclude>
    <ClInclude Include="Camera.h">
      <Filter>Header Files</Filter>
    </ClInclude>
    <ClInclude Include="ColorShader.h">
      <Filter>Header Files</Filter>
    </ClInclude>
    <ClInclude Include="Direct3D.h">
      <Filter>Header Files</Filter>
    </ClInclude>
    <ClInclude Include="Graphics.h">
      <Filter>Header Files</Filter>
    </ClInclude>
    <ClInclude Include="TextureShader.h">
      <Filter>Header Files</Filter>
    </ClInclude>
    <ClInclude Include="Input.h">
      <Filter>Header Files</Filter>
    </ClInclude>
    <ClInclude Include="Model.h">
      <Filter>Header Files</Filter>
    </ClInclude>
    <ClInclude Include="Texture.h">
      <Filter>Header Files</Filter>
    </ClInclude>
    <ClInclude Include="LightShader.h">
      <Filter>Header Files</Filter>
    </ClInclude>
    <ClInclude Include="Light.h">
      <Filter>Header Files</Filter>
    </ClInclude>
    <ClInclude Include="Bitmap.h">
      <Filter>Header Files</Filter>
    </ClInclude>
    <ClInclude Include="Font.h">
      <Filter>Header Files</Filter>
    </ClInclude>
    <ClInclude Include="FontShader.h">
      <Filter>Header Files</Filter>
    </ClInclude>
    <ClInclude Include="Text.h">
      <Filter>Header Files</Filter>
    </ClInclude>
    <ClInclude Include="Sound.h">
      <Filter>Header Files</Filter>
    </ClInclude>
    <ClInclude Include="Fps.h">
      <Filter>Header Files</Filter>
    </ClInclude>
    <ClInclude Include="Cpu.h">
      <Filter>Header Files</Filter>
    </ClInclude>
    <ClInclude Include="Timer.h">
      <Filter>Header Files</Filter>
    </ClInclude>
    <ClInclude Include="Frustum.h">
      <Filter>Header Files</Filter>
    </ClInclude>
    <ClInclude Include="ModelList.h">
      <Filter>Header Files</Filter>
    </ClInclude>
    <ClInclude Include="Position.h">
      <Filter>Header Files</Filter>
    </ClInclude>
    <ClInclude Include="MultiTextureShader.h">
      <Filter>Header Files</Filter>
    </ClInclude>
    <ClInclude Include="TextureArray.h">
      <Filter>Header Files</Filter>
    </ClInclude>
    <ClInclude Include="LightMapShader.h">
      <Filter>Header Files</Filter>
    </ClInclude>
    <ClInclude Include="AlphaMapShader.h">
      <Filter>Header Files</Filter>
    </ClInclude>
    <ClInclude Include="BumpMapShader.h">
      <Filter>Header Files</Filter>
    </ClInclude>
    <ClInclude Include="SpecMapShader.h">
      <Filter>Header Files</Filter>
    </ClInclude>
    <ClInclude Include="RenderTexture.h">
      <Filter>Header Files</Filter>
    </ClInclude>
    <ClInclude Include="DebugWindow.h">
      <Filter>Header Files</Filter>
    </ClInclude>
    <ClInclude Include="FogShader.h">
      <Filter>Header Files</Filter>
    </ClInclude>
    <ClInclude Include="ClipPlaneShader.h">
      <Filter>Header Files</Filter>
    </ClInclude>
    <ClInclude Include="TranslateShader.h">
      <Filter>Header Files</Filter>
    </ClInclude>
    <ClInclude Include="TransparentShader.h">
      <Filter>Header Files</Filter>
    </ClInclude>
    <ClInclude Include="ReflectionShader.h">
      <Filter>Header Files</Filter>
    </ClInclude>
    <ClInclude Include="FadeShader.h">
      <Filter>Header Files</Filter>
    </ClInclude>
  </ItemGroup>
  <ItemGroup>
    <Image Include="bump01.dds">
      <Filter>Resource Files\Textures</Filter>
    </Image>
    <Image Include="bump02.dds">
      <Filter>Resource Files\Textures</Filter>
    </Image>
    <Image Include="dirt01.dds">
      <Filter>Resource Files\Textures</Filter>
    </Image>
    <Image Include="font.dds">
      <Filter>Resource Files\Textures</Filter>
    </Image>
    <Image Include="light01.dds">
      <Filter>Resource Files\Textures</Filter>
    </Image>
    <Image Include="light02.dds">
      <Filter>Resource Files\Textures</Filter>
    </Image>
    <Image Include="Red.dds">
      <Filter>Resource Files\Textures</Filter>
    </Image>
    <Image Include="seafloor.dds">
      <Filter>Resource Files\Textures</Filter>
    </Image>
    <Image Include="spec02.dds">
      <Filter>Resource Files\Textures</Filter>
    </Image>
    <Image Include="stone01.dds">
      <Filter>Resource Files\Textures</Filter>
    </Image>
    <Image Include="stone02.dds">
      <Filter>Resource Files\Textures</Filter>
    </Image>
    <Image Include="blue01.dds">
      <Filter>Resource Files\Textures</Filter>
    </Image>
  </ItemGroup>
  <ItemGroup>
    <FxCompile Include="AlphaMapPixelShader.hlsl">
      <Filter>Resource Files\Shaders\Pixel</Filter>
    </FxCompile>
    <FxCompile Include="BumpMapPixelShader.hlsl">
      <Filter>Resource Files\Shaders\Pixel</Filter>
    </FxCompile>
    <FxCompile Include="ClipPlanePixelShader.hlsl">
      <Filter>Resource Files\Shaders\Pixel</Filter>
    </FxCompile>
    <FxCompile Include="ColorPixelShader.hlsl">
      <Filter>Resource Files\Shaders\Pixel</Filter>
    </FxCompile>
    <FxCompile Include="FogPixelShader.hlsl">
      <Filter>Resource Files\Shaders\Pixel</Filter>
    </FxCompile>
    <FxCompile Include="FontPixelShader.hlsl">
      <Filter>Resource Files\Shaders\Pixel</Filter>
    </FxCompile>
    <FxCompile Include="LightMapPixelShader.hlsl">
      <Filter>Resource Files\Shaders\Pixel</Filter>
    </FxCompile>
    <FxCompile Include="LightPixelShader.hlsl">
      <Filter>Resource Files\Shaders\Pixel</Filter>
    </FxCompile>
    <FxCompile Include="MultiTexturePixelShader.hlsl">
      <Filter>Resource Files\Shaders\Pixel</Filter>
    </FxCompile>
    <FxCompile Include="SpecMapPixelShader.hlsl">
      <Filter>Resource Files\Shaders\Pixel</Filter>
    </FxCompile>
    <FxCompile Include="TexturePixelShader.hlsl">
      <Filter>Resource Files\Shaders\Pixel</Filter>
    </FxCompile>
    <FxCompile Include="AlphaMapVertexShader.hlsl">
      <Filter>Resource Files\Shaders\Vertex</Filter>
    </FxCompile>
    <FxCompile Include="BumpMapVertexShader.hlsl">
      <Filter>Resource Files\Shaders\Vertex</Filter>
    </FxCompile>
    <FxCompile Include="ClipPlaneVertexShader.hlsl">
      <Filter>Resource Files\Shaders\Vertex</Filter>
    </FxCompile>
    <FxCompile Include="ColorVertexShader.hlsl">
      <Filter>Resource Files\Shaders\Vertex</Filter>
    </FxCompile>
    <FxCompile Include="FogVertexShader.hlsl">
      <Filter>Resource Files\Shaders\Vertex</Filter>
    </FxCompile>
    <FxCompile Include="FontVertexShader.hlsl">
      <Filter>Resource Files\Shaders\Vertex</Filter>
    </FxCompile>
    <FxCompile Include="LightMapVertexShader.hlsl">
      <Filter>Resource Files\Shaders\Vertex</Filter>
    </FxCompile>
    <FxCompile Include="LightVertexShader.hlsl">
      <Filter>Resource Files\Shaders\Vertex</Filter>
    </FxCompile>
    <FxCompile Include="MultiTextureVertexShader.hlsl">
      <Filter>Resource Files\Shaders\Vertex</Filter>
    </FxCompile>
    <FxCompile Include="SpecMapVertexShader.hlsl">
      <Filter>Resource Files\Shaders\Vertex</Filter>
    </FxCompile>
    <FxCompile Include="TextureVertexShader.hlsl">
      <Filter>Resource Files\Shaders\Vertex</Filter>
    </FxCompile>
    <FxCompile Include="TranslateVertexShader.hlsl">
      <Filter>Resource Files\Shaders\Vertex</Filter>
    </FxCompile>
    <FxCompile Include="TranslatePixelShader.hlsl">
      <Filter>Resource Files\Shaders\Pixel</Filter>
    </FxCompile>
    <FxCompile Include="TransparentPixelShader.hlsl">
      <Filter>Resource Files\Shaders\Pixel</Filter>
    </FxCompile>
    <FxCompile Include="TransparentVertexShader.hlsl">
      <Filter>Resource Files\Shaders\Vertex</Filter>
    </FxCompile>
    <FxCompile Include="ReflectionVertexShader.hlsl">
      <Filter>Resource Files\Shaders\Vertex</Filter>
    </FxCompile>
    <FxCompile Include="ReflectionPixelShader.hlsl">
      <Filter>Resource Files\Shaders\Pixel</Filter>
    </FxCompile>
    <FxCompile Include="FadePixelShader.hlsl">
      <Filter>Resource Files\Shaders\Pixel</Filter>
    </FxCompile>
    <FxCompile Include="FadeVertexShader.hlsl">
      <Filter>Resource Files\Shaders\Vertex</Filter>
    </FxCompile>
  </ItemGroup>
  <ItemGroup>
    <Text Include="shader-error.txt">
      <Filter>Resource Files</Filter>
    </Text>
    <Text Include="square.txt">
      <Filter>Resource Files\Models</Filter>
    </Text>
    <Text Include="sphere.txt">
      <Filter>Resource Files\Models</Filter>
    </Text>
    <Text Include="triangle.txt">
      <Filter>Resource Files\Models</Filter>
    </Text>
    <Text Include="fontdata.txt">
      <Filter>Resource Files\Models</Filter>
    </Text>
    <Text Include="cube.txt">
      <Filter>Resource Files\Models</Filter>
    </Text>
    <Text Include="model.txt">
      <Filter>Resource Files\Models</Filter>
    </Text>
    <Text Include="floor.txt">
      <Filter>Resource Files\Models</Filter>
    </Text>
  </ItemGroup>
</Project>